// !$*UTF8*$!
{
	archiveVersion = 1;
	classes = {
	};
	objectVersion = 50;
	objects = {

/* Begin PBXBuildFile section */
		C2292CD022EA29B900F8F77F /* AppDelegate.swift in Sources */ = {isa = PBXBuildFile; fileRef = C2292CCF22EA29B900F8F77F /* AppDelegate.swift */; };
		C2292CD222EA29B900F8F77F /* Scene.sks in Resources */ = {isa = PBXBuildFile; fileRef = C2292CD122EA29B900F8F77F /* Scene.sks */; };
		C2292CD422EA29B900F8F77F /* Scene.swift in Sources */ = {isa = PBXBuildFile; fileRef = C2292CD322EA29B900F8F77F /* Scene.swift */; };
		C2292CD622EA29B900F8F77F /* ViewController.swift in Sources */ = {isa = PBXBuildFile; fileRef = C2292CD522EA29B900F8F77F /* ViewController.swift */; };
		C2292CD922EA29B900F8F77F /* Main.storyboard in Resources */ = {isa = PBXBuildFile; fileRef = C2292CD722EA29B900F8F77F /* Main.storyboard */; };
		C2292CDB22EA29BB00F8F77F /* Assets.xcassets in Resources */ = {isa = PBXBuildFile; fileRef = C2292CDA22EA29BB00F8F77F /* Assets.xcassets */; };
		C2292CDE22EA29BB00F8F77F /* LaunchScreen.storyboard in Resources */ = {isa = PBXBuildFile; fileRef = C2292CDC22EA29BB00F8F77F /* LaunchScreen.storyboard */; };
		C2292CE622EA30F500F8F77F /* lv1.sks in Resources */ = {isa = PBXBuildFile; fileRef = C2292CE522EA30F500F8F77F /* lv1.sks */; };
		C2292CE822EA358400F8F77F /* Anchor.swift in Sources */ = {isa = PBXBuildFile; fileRef = C2292CE722EA358400F8F77F /* Anchor.swift */; };
/* End PBXBuildFile section */

/* Begin PBXFileReference section */
		C2292CCC22EA29B900F8F77F /* Space Rescue.app */ = {isa = PBXFileReference; explicitFileType = wrapper.application; includeInIndex = 0; path = "Space Rescue.app"; sourceTree = BUILT_PRODUCTS_DIR; };
		C2292CCF22EA29B900F8F77F /* AppDelegate.swift */ = {isa = PBXFileReference; lastKnownFileType = sourcecode.swift; path = AppDelegate.swift; sourceTree = "<group>"; };
		C2292CD122EA29B900F8F77F /* Scene.sks */ = {isa = PBXFileReference; lastKnownFileType = file.sks; path = Scene.sks; sourceTree = "<group>"; };
		C2292CD322EA29B900F8F77F /* Scene.swift */ = {isa = PBXFileReference; lastKnownFileType = sourcecode.swift; path = Scene.swift; sourceTree = "<group>"; };
		C2292CD522EA29B900F8F77F /* ViewController.swift */ = {isa = PBXFileReference; lastKnownFileType = sourcecode.swift; path = ViewController.swift; sourceTree = "<group>"; };
		C2292CD822EA29B900F8F77F /* Base */ = {isa = PBXFileReference; lastKnownFileType = file.storyboard; name = Base; path = Base.lproj/Main.storyboard; sourceTree = "<group>"; };
		C2292CDA22EA29BB00F8F77F /* Assets.xcassets */ = {isa = PBXFileReference; lastKnownFileType = folder.assetcatalog; path = Assets.xcassets; sourceTree = "<group>"; };
		C2292CDD22EA29BB00F8F77F /* Base */ = {isa = PBXFileReference; lastKnownFileType = file.storyboard; name = Base; path = Base.lproj/LaunchScreen.storyboard; sourceTree = "<group>"; };
		C2292CDF22EA29BB00F8F77F /* Info.plist */ = {isa = PBXFileReference; lastKnownFileType = text.plist.xml; path = Info.plist; sourceTree = "<group>"; };
		C2292CE522EA30F500F8F77F /* lv1.sks */ = {isa = PBXFileReference; lastKnownFileType = file.sks; path = lv1.sks; sourceTree = "<group>"; };
		C2292CE722EA358400F8F77F /* Anchor.swift */ = {isa = PBXFileReference; lastKnownFileType = sourcecode.swift; path = Anchor.swift; sourceTree = "<group>"; };
/* End PBXFileReference section */

/* Begin PBXFrameworksBuildPhase section */
		C2292CC922EA29B900F8F77F /* Frameworks */ = {
			isa = PBXFrameworksBuildPhase;
			buildActionMask = 2147483647;
			files = (
			);
			runOnlyForDeploymentPostprocessing = 0;
		};
/* End PBXFrameworksBuildPhase section */

/* Begin PBXGroup section */
		C2292CC322EA29B900F8F77F = {
			isa = PBXGroup;
			children = (
				C2292CCE22EA29B900F8F77F /* Space Rescue */,
				C2292CCD22EA29B900F8F77F /* Products */,
			);
			sourceTree = "<group>";
		};
		C2292CCD22EA29B900F8F77F /* Products */ = {
			isa = PBXGroup;
			children = (
				C2292CCC22EA29B900F8F77F /* Space Rescue.app */,
			);
			name = Products;
			sourceTree = "<group>";
		};
		C2292CCE22EA29B900F8F77F /* Space Rescue */ = {
			isa = PBXGroup;
			children = (
				C2292CCF22EA29B900F8F77F /* AppDelegate.swift */,
				C2292CD122EA29B900F8F77F /* Scene.sks */,
				C2292CD322EA29B900F8F77F /* Scene.swift */,
				C2292CD522EA29B900F8F77F /* ViewController.swift */,
				C2292CD722EA29B900F8F77F /* Main.storyboard */,
				C2292CDA22EA29BB00F8F77F /* Assets.xcassets */,
				C2292CDC22EA29BB00F8F77F /* LaunchScreen.storyboard */,
				C2292CDF22EA29BB00F8F77F /* Info.plist */,
				C2292CE522EA30F500F8F77F /* lv1.sks */,
				C2292CE722EA358400F8F77F /* Anchor.swift */,
			);
			path = "Space Rescue";
			sourceTree = "<group>";
		};
/* End PBXGroup section */

/* Begin PBXNativeTarget section */
		C2292CCB22EA29B900F8F77F /* Space Rescue */ = {
			isa = PBXNativeTarget;
			buildConfigurationList = C2292CE222EA29BB00F8F77F /* Build configuration list for PBXNativeTarget "Space Rescue" */;
			buildPhases = (
				C2292CC822EA29B900F8F77F /* Sources */,
				C2292CC922EA29B900F8F77F /* Frameworks */,
				C2292CCA22EA29B900F8F77F /* Resources */,
			);
			buildRules = (
			);
			dependencies = (
			);
			name = "Space Rescue";
			productName = "Space Rescue";
			productReference = C2292CCC22EA29B900F8F77F /* Space Rescue.app */;
			productType = "com.apple.product-type.application";
		};
/* End PBXNativeTarget section */

/* Begin PBXProject section */
		C2292CC422EA29B900F8F77F /* Project object */ = {
			isa = PBXProject;
			attributes = {
				LastSwiftUpdateCheck = 1020;
				LastUpgradeCheck = 1020;
				ORGANIZATIONNAME = GWC;
				TargetAttributes = {
					C2292CCB22EA29B900F8F77F = {
						CreatedOnToolsVersion = 10.2.1;
					};
				};
			};
			buildConfigurationList = C2292CC722EA29B900F8F77F /* Build configuration list for PBXProject "Space Rescue" */;
			compatibilityVersion = "Xcode 9.3";
			developmentRegion = en;
			hasScannedForEncodings = 0;
			knownRegions = (
				en,
				Base,
			);
			mainGroup = C2292CC322EA29B900F8F77F;
			productRefGroup = C2292CCD22EA29B900F8F77F /* Products */;
			projectDirPath = "";
			projectRoot = "";
			targets = (
				C2292CCB22EA29B900F8F77F /* Space Rescue */,
			);
		};
/* End PBXProject section */

/* Begin PBXResourcesBuildPhase section */
		C2292CCA22EA29B900F8F77F /* Resources */ = {
			isa = PBXResourcesBuildPhase;
			buildActionMask = 2147483647;
			files = (
				C2292CD222EA29B900F8F77F /* Scene.sks in Resources */,
				C2292CE622EA30F500F8F77F /* lv1.sks in Resources */,
				C2292CDE22EA29BB00F8F77F /* LaunchScreen.storyboard in Resources */,
				C2292CDB22EA29BB00F8F77F /* Assets.xcassets in Resources */,
				C2292CD922EA29B900F8F77F /* Main.storyboard in Resources */,
			);
			runOnlyForDeploymentPostprocessing = 0;
		};
/* End PBXResourcesBuildPhase section */

/* Begin PBXSourcesBuildPhase section */
		C2292CC822EA29B900F8F77F /* Sources */ = {
			isa = PBXSourcesBuildPhase;
			buildActionMask = 2147483647;
			files = (
				C2292CD622EA29B900F8F77F /* ViewController.swift in Sources */,
				C2292CD422EA29B900F8F77F /* Scene.swift in Sources */,
				C2292CE822EA358400F8F77F /* Anchor.swift in Sources */,
				C2292CD022EA29B900F8F77F /* AppDelegate.swift in Sources */,
			);
			runOnlyForDeploymentPostprocessing = 0;
		};
/* End PBXSourcesBuildPhase section */

/* Begin PBXVariantGroup section */
		C2292CD722EA29B900F8F77F /* Main.storyboard */ = {
			isa = PBXVariantGroup;
			children = (
				C2292CD822EA29B900F8F77F /* Base */,
			);
			name = Main.storyboard;
			sourceTree = "<group>";
		};
		C2292CDC22EA29BB00F8F77F /* LaunchScreen.storyboard */ = {
			isa = PBXVariantGroup;
			children = (
				C2292CDD22EA29BB00F8F77F /* Base */,
			);
			name = LaunchScreen.storyboard;
			sourceTree = "<group>";
		};
/* End PBXVariantGroup section */

/* Begin XCBuildConfiguration section */
		C2292CE022EA29BB00F8F77F /* Debug */ = {
			isa = XCBuildConfiguration;
			buildSettings = {
				ALWAYS_SEARCH_USER_PATHS = NO;
				CLANG_ANALYZER_NONNULL = YES;
				CLANG_ANALYZER_NUMBER_OBJECT_CONVERSION = YES_AGGRESSIVE;
				CLANG_CXX_LANGUAGE_STANDARD = "gnu++14";
				CLANG_CXX_LIBRARY = "libc++";
				CLANG_ENABLE_MODULES = YES;
				CLANG_ENABLE_OBJC_ARC = YES;
				CLANG_ENABLE_OBJC_WEAK = YES;
				CLANG_WARN_BLOCK_CAPTURE_AUTORELEASING = YES;
				CLANG_WARN_BOOL_CONVERSION = YES;
				CLANG_WARN_COMMA = YES;
				CLANG_WARN_CONSTANT_CONVERSION = YES;
				CLANG_WARN_DEPRECATED_OBJC_IMPLEMENTATIONS = YES;
				CLANG_WARN_DIRECT_OBJC_ISA_USAGE = YES_ERROR;
				CLANG_WARN_DOCUMENTATION_COMMENTS = YES;
				CLANG_WARN_EMPTY_BODY = YES;
				CLANG_WARN_ENUM_CONVERSION = YES;
				CLANG_WARN_INFINITE_RECURSION = YES;
				CLANG_WARN_INT_CONVERSION = YES;
				CLANG_WARN_NON_LITERAL_NULL_CONVERSION = YES;
				CLANG_WARN_OBJC_IMPLICIT_RETAIN_SELF = YES;
				CLANG_WARN_OBJC_LITERAL_CONVERSION = YES;
				CLANG_WARN_OBJC_ROOT_CLASS = YES_ERROR;
				CLANG_WARN_RANGE_LOOP_ANALYSIS = YES;
				CLANG_WARN_STRICT_PROTOTYPES = YES;
				CLANG_WARN_SUSPICIOUS_MOVE = YES;
				CLANG_WARN_UNGUARDED_AVAILABILITY = YES_AGGRESSIVE;
				CLANG_WARN_UNREACHABLE_CODE = YES;
				CLANG_WARN__DUPLICATE_METHOD_MATCH = YES;
				CODE_SIGN_IDENTITY = "iPhone Developer";
				COPY_PHASE_STRIP = NO;
				DEBUG_INFORMATION_FORMAT = dwarf;
				ENABLE_STRICT_OBJC_MSGSEND = YES;
				ENABLE_TESTABILITY = YES;
				GCC_C_LANGUAGE_STANDARD = gnu11;
				GCC_DYNAMIC_NO_PIC = NO;
				GCC_NO_COMMON_BLOCKS = YES;
				GCC_OPTIMIZATION_LEVEL = 0;
				GCC_PREPROCESSOR_DEFINITIONS = (
					"DEBUG=1",
					"$(inherited)",
				);
				GCC_WARN_64_TO_32_BIT_CONVERSION = YES;
				GCC_WARN_ABOUT_RETURN_TYPE = YES_ERROR;
				GCC_WARN_UNDECLARED_SELECTOR = YES;
				GCC_WARN_UNINITIALIZED_AUTOS = YES_AGGRESSIVE;
				GCC_WARN_UNUSED_FUNCTION = YES;
				GCC_WARN_UNUSED_VARIABLE = YES;
				IPHONEOS_DEPLOYMENT_TARGET = 12.2;
				MTL_ENABLE_DEBUG_INFO = INCLUDE_SOURCE;
				MTL_FAST_MATH = YES;
				ONLY_ACTIVE_ARCH = YES;
				SDKROOT = iphoneos;
				SWIFT_ACTIVE_COMPILATION_CONDITIONS = DEBUG;
				SWIFT_OPTIMIZATION_LEVEL = "-Onone";
			};
			name = Debug;
		};
		C2292CE122EA29BB00F8F77F /* Release */ = {
			isa = XCBuildConfiguration;
			buildSettings = {
				ALWAYS_SEARCH_USER_PATHS = NO;
				CLANG_ANALYZER_NONNULL = YES;
				CLANG_ANALYZER_NUMBER_OBJECT_CONVERSION = YES_AGGRESSIVE;
				CLANG_CXX_LANGUAGE_STANDARD = "gnu++14";
				CLANG_CXX_LIBRARY = "libc++";
				CLANG_ENABLE_MODULES = YES;
				CLANG_ENABLE_OBJC_ARC = YES;
				CLANG_ENABLE_OBJC_WEAK = YES;
				CLANG_WARN_BLOCK_CAPTURE_AUTORELEASING = YES;
				CLANG_WARN_BOOL_CONVERSION = YES;
				CLANG_WARN_COMMA = YES;
				CLANG_WARN_CONSTANT_CONVERSION = YES;
				CLANG_WARN_DEPRECATED_OBJC_IMPLEMENTATIONS = YES;
				CLANG_WARN_DIRECT_OBJC_ISA_USAGE = YES_ERROR;
				CLANG_WARN_DOCUMENTATION_COMMENTS = YES;
				CLANG_WARN_EMPTY_BODY = YES;
				CLANG_WARN_ENUM_CONVERSION = YES;
				CLANG_WARN_INFINITE_RECURSION = YES;
				CLANG_WARN_INT_CONVERSION = YES;
				CLANG_WARN_NON_LITERAL_NULL_CONVERSION = YES;
				CLANG_WARN_OBJC_IMPLICIT_RETAIN_SELF = YES;
				CLANG_WARN_OBJC_LITERAL_CONVERSION = YES;
				CLANG_WARN_OBJC_ROOT_CLASS = YES_ERROR;
				CLANG_WARN_RANGE_LOOP_ANALYSIS = YES;
				CLANG_WARN_STRICT_PROTOTYPES = YES;
				CLANG_WARN_SUSPICIOUS_MOVE = YES;
				CLANG_WARN_UNGUARDED_AVAILABILITY = YES_AGGRESSIVE;
				CLANG_WARN_UNREACHABLE_CODE = YES;
				CLANG_WARN__DUPLICATE_METHOD_MATCH = YES;
				CODE_SIGN_IDENTITY = "iPhone Developer";
				COPY_PHASE_STRIP = NO;
				DEBUG_INFORMATION_FORMAT = "dwarf-with-dsym";
				ENABLE_NS_ASSERTIONS = NO;
				ENABLE_STRICT_OBJC_MSGSEND = YES;
				GCC_C_LANGUAGE_STANDARD = gnu11;
				GCC_NO_COMMON_BLOCKS = YES;
				GCC_WARN_64_TO_32_BIT_CONVERSION = YES;
				GCC_WARN_ABOUT_RETURN_TYPE = YES_ERROR;
				GCC_WARN_UNDECLARED_SELECTOR = YES;
				GCC_WARN_UNINITIALIZED_AUTOS = YES_AGGRESSIVE;
				GCC_WARN_UNUSED_FUNCTION = YES;
				GCC_WARN_UNUSED_VARIABLE = YES;
				IPHONEOS_DEPLOYMENT_TARGET = 12.2;
				MTL_ENABLE_DEBUG_INFO = NO;
				MTL_FAST_MATH = YES;
				SDKROOT = iphoneos;
				SWIFT_COMPILATION_MODE = wholemodule;
				SWIFT_OPTIMIZATION_LEVEL = "-O";
				VALIDATE_PRODUCT = YES;
			};
			name = Release;
		};
		C2292CE322EA29BB00F8F77F /* Debug */ = {
			isa = XCBuildConfiguration;
			buildSettings = {
				ASSETCATALOG_COMPILER_APPICON_NAME = AppIcon;
				CODE_SIGN_STYLE = Automatic;
				DEVELOPMENT_TEAM = CKN8SD9KJ4;
				INFOPLIST_FILE = "Space Rescue/Info.plist";
				LD_RUNPATH_SEARCH_PATHS = (
					"$(inherited)",
					"@executable_path/Frameworks",
				);
				PRODUCT_BUNDLE_IDENTIFIER = "Sue.Space-Rescue";
				PRODUCT_NAME = "$(TARGET_NAME)";
				SWIFT_VERSION = 5.0;
				TARGETED_DEVICE_FAMILY = "1,2";
			};
			name = Debug;
		};
		C2292CE422EA29BB00F8F77F /* Release */ = {
			isa = XCBuildConfiguration;
			buildSettings = {
				ASSETCATALOG_COMPILER_APPICON_NAME = AppIcon;
				CODE_SIGN_STYLE = Automatic;
				DEVELOPMENT_TEAM = CKN8SD9KJ4;
				INFOPLIST_FILE = "Space Rescue/Info.plist";
				LD_RUNPATH_SEARCH_PATHS = (
					"$(inherited)",
					"@executable_path/Frameworks",
				);
				PRODUCT_BUNDLE_IDENTIFIER = "Sue.Space-Rescue";
				PRODUCT_NAME = "$(TARGET_NAME)";
				SWIFT_VERSION = 5.0;
				TARGETED_DEVICE_FAMILY = "1,2";
			};
			name = Release;
		};
/* End XCBuildConfiguration section */

/* Begin XCConfigurationList section */
		C2292CC722EA29B900F8F77F /* Build configuration list for PBXProject "Space Rescue" */ = {
			isa = XCConfigurationList;
			buildConfigurations = (
				C2292CE022EA29BB00F8F77F /* Debug */,
				C2292CE122EA29BB00F8F77F /* Release */,
			);
			defaultConfigurationIsVisible = 0;
			defaultConfigurationName = Release;
		};
		C2292CE222EA29BB00F8F77F /* Build configuration list for PBXNativeTarget "Space Rescue" */ = {
			isa = XCConfigurationList;
			buildConfigurations = (
				C2292CE322EA29BB00F8F77F /* Debug */,
				C2292CE422EA29BB00F8F77F /* Release */,
			);
			defaultConfigurationIsVisible = 0;
			defaultConfigurationName = Release;
		};
/* End XCConfigurationList section */
	};
	rootObject = C2292CC422EA29B900F8F77F /* Project object */;
}
